
Microsoft Visual Studio Solution File, Format Version 12.00
# Visual Studio Version 17
VisualStudioVersion = 17.7.34031.279
MinimumVisualStudioVersion = 10.0.40219.1
Project("{FAE04EC0-301F-11D3-BF4B-00C04F79EFBC}") = "ApiGenerationBlog", "ApiGenerationBlog.csproj", "{019069E6-27EE-4D1A-A7D3-83B2E0832140}"
EndProject
Global
	GlobalSection(SolutionConfigurationPlatforms) = preSolution
		Debug|Any CPU = Debug|Any CPU
		Release|Any CPU = Release|Any CPU
	EndGlobalSection
	GlobalSection(ProjectConfigurationPlatforms) = postSolution
		{019069E6-27EE-4D1A-A7D3-83B2E0832140}.Debug|Any CPU.ActiveCfg = Debug|Any CPU
		{019069E6-27EE-4D1A-A7D3-83B2E0832140}.Debug|Any CPU.Build.0 = Debug|Any CPU
		{019069E6-27EE-4D1A-A7D3-83B2E0832140}.Release|Any CPU.ActiveCfg = Release|Any CPU
		{019069E6-27EE-4D1A-A7D3-83B2E0832140}.Release|Any CPU.Build.0 = Release|Any CPU
	EndGlobalSection
	GlobalSection(SolutionProperties) = preSolution
		HideSolutionNode = FALSE
	EndGlobalSection
	GlobalSection(ExtensibilityGlobals) = postSolution
		SolutionGuid = {15CF95A0-3F7B-4B9B-819D-8F0A9F937E68}
	EndGlobalSection
EndGlobal
